
Microsoft Visual Studio Solution File, Format Version 12.00
# Visual Studio Version 16
VisualStudioVersion = 16.0.31129.286
MinimumVisualStudioVersion = 10.0.40219.1
Project("{FAE04EC0-301F-11D3-BF4B-00C04F79EFBC}") = "API-Tests_GitHub", "API-Tests_GitHub\API-Tests_GitHub.csproj", "{C8518A5F-5213-4A28-A5D1-7E3DBCEB5455}"
EndProject
Global
	GlobalSection(SolutionConfigurationPlatforms) = preSolution
		Debug|Any CPU = Debug|Any CPU
		Release|Any CPU = Release|Any CPU
	EndGlobalSection
	GlobalSection(ProjectConfigurationPlatforms) = postSolution
		{C8518A5F-5213-4A28-A5D1-7E3DBCEB5455}.Debug|Any CPU.ActiveCfg = Debug|Any CPU
		{C8518A5F-5213-4A28-A5D1-7E3DBCEB5455}.Debug|Any CPU.Build.0 = Debug|Any CPU
		{C8518A5F-5213-4A28-A5D1-7E3DBCEB5455}.Release|Any CPU.ActiveCfg = Release|Any CPU
		{C8518A5F-5213-4A28-A5D1-7E3DBCEB5455}.Release|Any CPU.Build.0 = Release|Any CPU
	EndGlobalSection
	GlobalSection(SolutionProperties) = preSolution
		HideSolutionNode = FALSE
	EndGlobalSection
	GlobalSection(ExtensibilityGlobals) = postSolution
		SolutionGuid = {C30C1AA4-F9CD-46B6-984E-39B43ECED3CF}
	EndGlobalSection
EndGlobal
